
Microsoft Visual Studio Solution File, Format Version 12.00
# Visual Studio Version 17
VisualStudioVersion = 17.14.36221.1 d17.14
MinimumVisualStudioVersion = 10.0.40219.1
Project("{FAE04EC0-301F-11D3-BF4B-00C04F79EFBC}") = "Badaczek.WebUI", "Badaczek.WebUI\Badaczek.WebUI.csproj", "{B76B0566-F1C6-429B-A244-92E0CFF1E9C3}"
EndProject
Global
	GlobalSection(SolutionConfigurationPlatforms) = preSolution
		Debug|Any CPU = Debug|Any CPU
		Release|Any CPU = Release|Any CPU
	EndGlobalSection
	GlobalSection(ProjectConfigurationPlatforms) = postSolution
		{B76B0566-F1C6-429B-A244-92E0CFF1E9C3}.Debug|Any CPU.ActiveCfg = Debug|Any CPU
		{B76B0566-F1C6-429B-A244-92E0CFF1E9C3}.Debug|Any CPU.Build.0 = Debug|Any CPU
		{B76B0566-F1C6-429B-A244-92E0CFF1E9C3}.Release|Any CPU.ActiveCfg = Release|Any CPU
		{B76B0566-F1C6-429B-A244-92E0CFF1E9C3}.Release|Any CPU.Build.0 = Release|Any CPU
	EndGlobalSection
	GlobalSection(SolutionProperties) = preSolution
		HideSolutionNode = FALSE
	EndGlobalSection
	GlobalSection(ExtensibilityGlobals) = postSolution
		SolutionGuid = {1D5BB71A-F688-485F-9540-4DBEAF2E35C4}
	EndGlobalSection
EndGlobal
